
Microsoft Visual Studio Solution File, Format Version 12.00
# Visual Studio Version 17
VisualStudioVersion = 17.14.36408.4 d17.14
MinimumVisualStudioVersion = 10.0.40219.1
Project("{FAE04EC0-301F-11D3-BF4B-00C04F79EFBC}") = "CodingTracker", "CodingTracker\CodingTracker.csproj", "{55346BD4-7745-4E48-B543-5206148BDD86}"
EndProject
Global
	GlobalSection(SolutionConfigurationPlatforms) = preSolution
		Debug|Any CPU = Debug|Any CPU
		Release|Any CPU = Release|Any CPU
	EndGlobalSection
	GlobalSection(ProjectConfigurationPlatforms) = postSolution
		{55346BD4-7745-4E48-B543-5206148BDD86}.Debug|Any CPU.ActiveCfg = Debug|Any CPU
		{55346BD4-7745-4E48-B543-5206148BDD86}.Debug|Any CPU.Build.0 = Debug|Any CPU
		{55346BD4-7745-4E48-B543-5206148BDD86}.Release|Any CPU.ActiveCfg = Release|Any CPU
		{55346BD4-7745-4E48-B543-5206148BDD86}.Release|Any CPU.Build.0 = Release|Any CPU
	EndGlobalSection
	GlobalSection(SolutionProperties) = preSolution
		HideSolutionNode = FALSE
	EndGlobalSection
	GlobalSection(ExtensibilityGlobals) = postSolution
		SolutionGuid = {84ED4B1B-AEF2-4E2B-88BB-1A23010EB3D3}
	EndGlobalSection
EndGlobal
